
Microsoft Visual Studio Solution File, Format Version 12.00
# Visual Studio 15
VisualStudioVersion = 15.0.27130.2026
MinimumVisualStudioVersion = 10.0.40219.1
Project("{FAE04EC0-301F-11D3-BF4B-00C04F79EFBC}") = "Server", "Rad302FinalPrj-GTeam\Server.csproj", "{AEF107DF-4484-4800-888B-2A0585FEB446}"
EndProject
Project("{FAE04EC0-301F-11D3-BF4B-00C04F79EFBC}") = "ClientAPI", "ClientAPI\ClientAPI.csproj", "{021B100F-3B28-4BF0-9E85-AA81B430F803}"
EndProject
Project("{FAE04EC0-301F-11D3-BF4B-00C04F79EFBC}") = "ClientApp", "ClientApp\ClientApp.csproj", "{575FA662-D1B7-47E4-B96E-94EE45C5D7E7}"
EndProject
Project("{FAE04EC0-301F-11D3-BF4B-00C04F79EFBC}") = "CommonData", "CommonData\CommonData.csproj", "{5F0D6BFC-DBA2-41C0-B263-3D74E8206035}"
EndProject
Project("{FAE04EC0-301F-11D3-BF4B-00C04F79EFBC}") = "GameClient", "GameClient\GameClient.csproj", "{7809D21F-112A-4831-A922-8CC14D0822D1}"
EndProject
Global
	GlobalSection(SolutionConfigurationPlatforms) = preSolution
		Debug|Any CPU = Debug|Any CPU
		Debug|x86 = Debug|x86
		Release|Any CPU = Release|Any CPU
		Release|x86 = Release|x86
	EndGlobalSection
	GlobalSection(ProjectConfigurationPlatforms) = postSolution
		{AEF107DF-4484-4800-888B-2A0585FEB446}.Debug|Any CPU.ActiveCfg = Debug|Any CPU
		{AEF107DF-4484-4800-888B-2A0585FEB446}.Debug|Any CPU.Build.0 = Debug|Any CPU
		{AEF107DF-4484-4800-888B-2A0585FEB446}.Debug|x86.ActiveCfg = Debug|Any CPU
		{AEF107DF-4484-4800-888B-2A0585FEB446}.Debug|x86.Build.0 = Debug|Any CPU
		{AEF107DF-4484-4800-888B-2A0585FEB446}.Release|Any CPU.ActiveCfg = Release|Any CPU
		{AEF107DF-4484-4800-888B-2A0585FEB446}.Release|Any CPU.Build.0 = Release|Any CPU
		{AEF107DF-4484-4800-888B-2A0585FEB446}.Release|x86.ActiveCfg = Release|Any CPU
		{AEF107DF-4484-4800-888B-2A0585FEB446}.Release|x86.Build.0 = Release|Any CPU
		{021B100F-3B28-4BF0-9E85-AA81B430F803}.Debug|Any CPU.ActiveCfg = Debug|Any CPU
		{021B100F-3B28-4BF0-9E85-AA81B430F803}.Debug|Any CPU.Build.0 = Debug|Any CPU
		{021B100F-3B28-4BF0-9E85-AA81B430F803}.Debug|x86.ActiveCfg = Debug|Any CPU
		{021B100F-3B28-4BF0-9E85-AA81B430F803}.Debug|x86.Build.0 = Debug|Any CPU
		{021B100F-3B28-4BF0-9E85-AA81B430F803}.Release|Any CPU.ActiveCfg = Release|Any CPU
		{021B100F-3B28-4BF0-9E85-AA81B430F803}.Release|Any CPU.Build.0 = Release|Any CPU
		{021B100F-3B28-4BF0-9E85-AA81B430F803}.Release|x86.ActiveCfg = Release|Any CPU
		{021B100F-3B28-4BF0-9E85-AA81B430F803}.Release|x86.Build.0 = Release|Any CPU
		{575FA662-D1B7-47E4-B96E-94EE45C5D7E7}.Debug|Any CPU.ActiveCfg = Debug|Any CPU
		{575FA662-D1B7-47E4-B96E-94EE45C5D7E7}.Debug|Any CPU.Build.0 = Debug|Any CPU
		{575FA662-D1B7-47E4-B96E-94EE45C5D7E7}.Debug|x86.ActiveCfg = Debug|Any CPU
		{575FA662-D1B7-47E4-B96E-94EE45C5D7E7}.Debug|x86.Build.0 = Debug|Any CPU
		{575FA662-D1B7-47E4-B96E-94EE45C5D7E7}.Release|Any CPU.ActiveCfg = Release|Any CPU
		{575FA662-D1B7-47E4-B96E-94EE45C5D7E7}.Release|Any CPU.Build.0 = Release|Any CPU
		{575FA662-D1B7-47E4-B96E-94EE45C5D7E7}.Release|x86.ActiveCfg = Release|Any CPU
		{575FA662-D1B7-47E4-B96E-94EE45C5D7E7}.Release|x86.Build.0 = Release|Any CPU
		{5F0D6BFC-DBA2-41C0-B263-3D74E8206035}.Debug|Any CPU.ActiveCfg = Debug|Any CPU
		{5F0D6BFC-DBA2-41C0-B263-3D74E8206035}.Debug|Any CPU.Build.0 = Debug|Any CPU
		{5F0D6BFC-DBA2-41C0-B263-3D74E8206035}.Debug|x86.ActiveCfg = Debug|Any CPU
		{5F0D6BFC-DBA2-41C0-B263-3D74E8206035}.Debug|x86.Build.0 = Debug|Any CPU
		{5F0D6BFC-DBA2-41C0-B263-3D74E8206035}.Release|Any CPU.ActiveCfg = Release|Any CPU
		{5F0D6BFC-DBA2-41C0-B263-3D74E8206035}.Release|Any CPU.Build.0 = Release|Any CPU
		{5F0D6BFC-DBA2-41C0-B263-3D74E8206035}.Release|x86.ActiveCfg = Release|Any CPU
		{5F0D6BFC-DBA2-41C0-B263-3D74E8206035}.Release|x86.Build.0 = Release|Any CPU
		{7809D21F-112A-4831-A922-8CC14D0822D1}.Debug|Any CPU.ActiveCfg = Debug|Any CPU
		{7809D21F-112A-4831-A922-8CC14D0822D1}.Debug|Any CPU.Build.0 = Debug|Any CPU
		{7809D21F-112A-4831-A922-8CC14D0822D1}.Debug|x86.ActiveCfg = Debug|Any CPU
		{7809D21F-112A-4831-A922-8CC14D0822D1}.Debug|x86.Build.0 = Debug|Any CPU
		{7809D21F-112A-4831-A922-8CC14D0822D1}.Release|Any CPU.ActiveCfg = Release|x86
		{7809D21F-112A-4831-A922-8CC14D0822D1}.Release|x86.ActiveCfg = Release|x86
		{7809D21F-112A-4831-A922-8CC14D0822D1}.Release|x86.Build.0 = Release|x86
	EndGlobalSection
	GlobalSection(SolutionProperties) = preSolution
		HideSolutionNode = FALSE
	EndGlobalSection
	GlobalSection(ExtensibilityGlobals) = postSolution
		SolutionGuid = {909FC737-DF48-4C24-9501-8491D60D9445}
	EndGlobalSection
EndGlobal
